
Microsoft Visual Studio Solution File, Format Version 12.00
# Visual Studio 15
Project("{FAE04EC0-301F-11D3-BF4B-00C04F79EFBC}") = "Unity.Timeline", "Unity.Timeline.csproj", "{5BDFBA18-891D-4B04-F55D-9E6830EB3E68}"
EndProject
Project("{FAE04EC0-301F-11D3-BF4B-00C04F79EFBC}") = "Unity.Timeline.Editor", "Unity.Timeline.Editor.csproj", "{47A3F7F9-7F62-497B-F18F-4B157E7D95BB}"
EndProject
Project("{FAE04EC0-301F-11D3-BF4B-00C04F79EFBC}") = "Unity.TextMeshPro.Editor", "Unity.TextMeshPro.Editor.csproj", "{A5317A5F-98BA-228D-29D9-9D12B68DCE62}"
EndProject
Project("{FAE04EC0-301F-11D3-BF4B-00C04F79EFBC}") = "Unity.PlasticSCM.Editor", "Unity.PlasticSCM.Editor.csproj", "{009A2F97-794F-B808-5046-B26323891C52}"
EndProject
Project("{FAE04EC0-301F-11D3-BF4B-00C04F79EFBC}") = "Unity.VisualScripting.Flow", "Unity.VisualScripting.Flow.csproj", "{D0FC8BE9-1701-4E7F-56E8-2F7AA0C8B6AA}"
EndProject
Project("{FAE04EC0-301F-11D3-BF4B-00C04F79EFBC}") = "Unity.VisualScripting.Core", "Unity.VisualScripting.Core.csproj", "{CC35834F-9C8F-AB63-ED8C-A3E18AE297F6}"
EndProject
Project("{FAE04EC0-301F-11D3-BF4B-00C04F79EFBC}") = "Unity.VisualScripting.Core.Editor", "Unity.VisualScripting.Core.Editor.csproj", "{4DDF9377-D4D0-B0DB-35D9-BEADC91E5376}"
EndProject
Project("{FAE04EC0-301F-11D3-BF4B-00C04F79EFBC}") = "Unity.VisualScripting.Flow.Editor", "Unity.VisualScripting.Flow.Editor.csproj", "{EB886AD1-28A4-785E-6FE9-51295AFD5621}"
EndProject
Project("{FAE04EC0-301F-11D3-BF4B-00C04F79EFBC}") = "UnityEditor.TestRunner", "UnityEditor.TestRunner.csproj", "{B59CE33A-7D26-8F84-6218-7C330A069683}"
EndProject
Project("{FAE04EC0-301F-11D3-BF4B-00C04F79EFBC}") = "Unity.VisualScripting.SettingsProvider.Editor", "Unity.VisualScripting.SettingsProvider.Editor.csproj", "{D286CC08-34DB-8977-8708-A384EE03C8E3}"
EndProject
Project("{FAE04EC0-301F-11D3-BF4B-00C04F79EFBC}") = "UnityEngine.TestRunner", "UnityEngine.TestRunner.csproj", "{C9713E27-F619-7AEC-AB41-14F8A9910391}"
EndProject
Project("{FAE04EC0-301F-11D3-BF4B-00C04F79EFBC}") = "Unity.VisualStudio.Editor", "Unity.VisualStudio.Editor.csproj", "{65634F5D-9E5C-38CE-0AD9-F2567B8781E8}"
EndProject
Project("{FAE04EC0-301F-11D3-BF4B-00C04F79EFBC}") = "Unity.TestTools.CodeCoverage.Editor.OpenCover.Model", "Unity.TestTools.CodeCoverage.Editor.OpenCover.Model.csproj", "{34852378-1EB6-2979-C065-AA5C72E4BCF5}"
EndProject
Project("{FAE04EC0-301F-11D3-BF4B-00C04F79EFBC}") = "Unity.Rider.Editor", "Unity.Rider.Editor.csproj", "{F1031AF6-A439-7186-33E3-7563EBCBC82D}"
EndProject
Project("{FAE04EC0-301F-11D3-BF4B-00C04F79EFBC}") = "Unity.CollabProxy.Editor", "Unity.CollabProxy.Editor.csproj", "{7B1D8C8A-42BD-A451-A4C3-272CAE7F12AB}"
EndProject
Project("{FAE04EC0-301F-11D3-BF4B-00C04F79EFBC}") = "Unity.VisualScripting.State.Editor", "Unity.VisualScripting.State.Editor.csproj", "{7C49C393-21BF-B456-2DA5-47032DD05612}"
EndProject
Project("{FAE04EC0-301F-11D3-BF4B-00C04F79EFBC}") = "Unity.TestTools.CodeCoverage.Editor", "Unity.TestTools.CodeCoverage.Editor.csproj", "{82A58901-93B0-02A6-CCE7-6DDE47D9B008}"
EndProject
Project("{FAE04EC0-301F-11D3-BF4B-00C04F79EFBC}") = "Unity.VisualScripting.State", "Unity.VisualScripting.State.csproj", "{87527DA0-931B-FBB3-8160-B90A9CEC5A35}"
EndProject
Project("{FAE04EC0-301F-11D3-BF4B-00C04F79EFBC}") = "Unity.TextMeshPro", "Unity.TextMeshPro.csproj", "{895EE7AA-A3C3-A791-C9DE-2C5CB84E97C3}"
EndProject
Project("{FAE04EC0-301F-11D3-BF4B-00C04F79EFBC}") = "Unity.Performance.Profile-Analyzer.Editor", "Unity.Performance.Profile-Analyzer.Editor.csproj", "{BF91905F-06D7-8880-6025-86338FE56C48}"
EndProject
Project("{FAE04EC0-301F-11D3-BF4B-00C04F79EFBC}") = "Unity.VSCode.Editor", "Unity.VSCode.Editor.csproj", "{44069A1C-9FBF-BF17-4EE8-7523E68D94EF}"
EndProject
Project("{FAE04EC0-301F-11D3-BF4B-00C04F79EFBC}") = "Unity.TestTools.CodeCoverage.Editor.OpenCover.Mono.Reflection", "Unity.TestTools.CodeCoverage.Editor.OpenCover.Mono.Reflection.csproj", "{A0D85674-0DA4-DAE2-3E36-8922FBDEEB4A}"
EndProject
Project("{FAE04EC0-301F-11D3-BF4B-00C04F79EFBC}") = "Unity.Settings.Editor", "Unity.Settings.Editor.csproj", "{F7170090-60E6-E49A-1ABA-807DC9AFD8F3}"
EndProject
Project("{FAE04EC0-301F-11D3-BF4B-00C04F79EFBC}") = "Unity.EditorCoroutines.Editor", "Unity.EditorCoroutines.Editor.csproj", "{79AD93AB-87D4-697B-D300-3FACDCE25467}"
EndProject
Project("{FAE04EC0-301F-11D3-BF4B-00C04F79EFBC}") = "Unity.VisualScripting.Shared.Editor", "Unity.VisualScripting.Shared.Editor.csproj", "{FD74E0BA-3C27-97DC-A129-84D8D76A1E76}"
EndProject
Global
	GlobalSection(SolutionConfigurationPlatforms) = preSolution
		Debug|Any CPU = Debug|Any CPU
		Release|Any CPU = Release|Any CPU
	EndGlobalSection
	GlobalSection(ProjectConfigurationPlatforms) = postSolution
		{5BDFBA18-891D-4B04-F55D-9E6830EB3E68}.Debug|Any CPU.ActiveCfg = Debug|Any CPU
		{5BDFBA18-891D-4B04-F55D-9E6830EB3E68}.Debug|Any CPU.Build.0 = Debug|Any CPU
		{5BDFBA18-891D-4B04-F55D-9E6830EB3E68}.Release|Any CPU.ActiveCfg = Release|Any CPU
		{5BDFBA18-891D-4B04-F55D-9E6830EB3E68}.Release|Any CPU.Build.0 = Release|Any CPU
		{47A3F7F9-7F62-497B-F18F-4B157E7D95BB}.Debug|Any CPU.ActiveCfg = Debug|Any CPU
		{47A3F7F9-7F62-497B-F18F-4B157E7D95BB}.Debug|Any CPU.Build.0 = Debug|Any CPU
		{47A3F7F9-7F62-497B-F18F-4B157E7D95BB}.Release|Any CPU.ActiveCfg = Release|Any CPU
		{47A3F7F9-7F62-497B-F18F-4B157E7D95BB}.Release|Any CPU.Build.0 = Release|Any CPU
		{A5317A5F-98BA-228D-29D9-9D12B68DCE62}.Debug|Any CPU.ActiveCfg = Debug|Any CPU
		{A5317A5F-98BA-228D-29D9-9D12B68DCE62}.Debug|Any CPU.Build.0 = Debug|Any CPU
		{A5317A5F-98BA-228D-29D9-9D12B68DCE62}.Release|Any CPU.ActiveCfg = Release|Any CPU
		{A5317A5F-98BA-228D-29D9-9D12B68DCE62}.Release|Any CPU.Build.0 = Release|Any CPU
		{009A2F97-794F-B808-5046-B26323891C52}.Debug|Any CPU.ActiveCfg = Debug|Any CPU
		{009A2F97-794F-B808-5046-B26323891C52}.Debug|Any CPU.Build.0 = Debug|Any CPU
		{009A2F97-794F-B808-5046-B26323891C52}.Release|Any CPU.ActiveCfg = Release|Any CPU
		{009A2F97-794F-B808-5046-B26323891C52}.Release|Any CPU.Build.0 = Release|Any CPU
		{D0FC8BE9-1701-4E7F-56E8-2F7AA0C8B6AA}.Debug|Any CPU.ActiveCfg = Debug|Any CPU
		{D0FC8BE9-1701-4E7F-56E8-2F7AA0C8B6AA}.Debug|Any CPU.Build.0 = Debug|Any CPU
		{D0FC8BE9-1701-4E7F-56E8-2F7AA0C8B6AA}.Release|Any CPU.ActiveCfg = Release|Any CPU
		{D0FC8BE9-1701-4E7F-56E8-2F7AA0C8B6AA}.Release|Any CPU.Build.0 = Release|Any CPU
		{CC35834F-9C8F-AB63-ED8C-A3E18AE297F6}.Debug|Any CPU.ActiveCfg = Debug|Any CPU
		{CC35834F-9C8F-AB63-ED8C-A3E18AE297F6}.Debug|Any CPU.Build.0 = Debug|Any CPU
		{CC35834F-9C8F-AB63-ED8C-A3E18AE297F6}.Release|Any CPU.ActiveCfg = Release|Any CPU
		{CC35834F-9C8F-AB63-ED8C-A3E18AE297F6}.Release|Any CPU.Build.0 = Release|Any CPU
		{4DDF9377-D4D0-B0DB-35D9-BEADC91E5376}.Debug|Any CPU.ActiveCfg = Debug|Any CPU
		{4DDF9377-D4D0-B0DB-35D9-BEADC91E5376}.Debug|Any CPU.Build.0 = Debug|Any CPU
		{4DDF9377-D4D0-B0DB-35D9-BEADC91E5376}.Release|Any CPU.ActiveCfg = Release|Any CPU
		{4DDF9377-D4D0-B0DB-35D9-BEADC91E5376}.Release|Any CPU.Build.0 = Release|Any CPU
		{EB886AD1-28A4-785E-6FE9-51295AFD5621}.Debug|Any CPU.ActiveCfg = Debug|Any CPU
		{EB886AD1-28A4-785E-6FE9-51295AFD5621}.Debug|Any CPU.Build.0 = Debug|Any CPU
		{EB886AD1-28A4-785E-6FE9-51295AFD5621}.Release|Any CPU.ActiveCfg = Release|Any CPU
		{EB886AD1-28A4-785E-6FE9-51295AFD5621}.Release|Any CPU.Build.0 = Release|Any CPU
		{B59CE33A-7D26-8F84-6218-7C330A069683}.Debug|Any CPU.ActiveCfg = Debug|Any CPU
		{B59CE33A-7D26-8F84-6218-7C330A069683}.Debug|Any CPU.Build.0 = Debug|Any CPU
		{B59CE33A-7D26-8F84-6218-7C330A069683}.Release|Any CPU.ActiveCfg = Release|Any CPU
		{B59CE33A-7D26-8F84-6218-7C330A069683}.Release|Any CPU.Build.0 = Release|Any CPU
		{D286CC08-34DB-8977-8708-A384EE03C8E3}.Debug|Any CPU.ActiveCfg = Debug|Any CPU
		{D286CC08-34DB-8977-8708-A384EE03C8E3}.Debug|Any CPU.Build.0 = Debug|Any CPU
		{D286CC08-34DB-8977-8708-A384EE03C8E3}.Release|Any CPU.ActiveCfg = Release|Any CPU
		{D286CC08-34DB-8977-8708-A384EE03C8E3}.Release|Any CPU.Build.0 = Release|Any CPU
		{C9713E27-F619-7AEC-AB41-14F8A9910391}.Debug|Any CPU.ActiveCfg = Debug|Any CPU
		{C9713E27-F619-7AEC-AB41-14F8A9910391}.Debug|Any CPU.Build.0 = Debug|Any CPU
		{C9713E27-F619-7AEC-AB41-14F8A9910391}.Release|Any CPU.ActiveCfg = Release|Any CPU
		{C9713E27-F619-7AEC-AB41-14F8A9910391}.Release|Any CPU.Build.0 = Release|Any CPU
		{65634F5D-9E5C-38CE-0AD9-F2567B8781E8}.Debug|Any CPU.ActiveCfg = Debug|Any CPU
		{65634F5D-9E5C-38CE-0AD9-F2567B8781E8}.Debug|Any CPU.Build.0 = Debug|Any CPU
		{65634F5D-9E5C-38CE-0AD9-F2567B8781E8}.Release|Any CPU.ActiveCfg = Release|Any CPU
		{65634F5D-9E5C-38CE-0AD9-F2567B8781E8}.Release|Any CPU.Build.0 = Release|Any CPU
		{34852378-1EB6-2979-C065-AA5C72E4BCF5}.Debug|Any CPU.ActiveCfg = Debug|Any CPU
		{34852378-1EB6-2979-C065-AA5C72E4BCF5}.Debug|Any CPU.Build.0 = Debug|Any CPU
		{34852378-1EB6-2979-C065-AA5C72E4BCF5}.Release|Any CPU.ActiveCfg = Release|Any CPU
		{34852378-1EB6-2979-C065-AA5C72E4BCF5}.Release|Any CPU.Build.0 = Release|Any CPU
		{F1031AF6-A439-7186-33E3-7563EBCBC82D}.Debug|Any CPU.ActiveCfg = Debug|Any CPU
		{F1031AF6-A439-7186-33E3-7563EBCBC82D}.Debug|Any CPU.Build.0 = Debug|Any CPU
		{F1031AF6-A439-7186-33E3-7563EBCBC82D}.Release|Any CPU.ActiveCfg = Release|Any CPU
		{F1031AF6-A439-7186-33E3-7563EBCBC82D}.Release|Any CPU.Build.0 = Release|Any CPU
		{7B1D8C8A-42BD-A451-A4C3-272CAE7F12AB}.Debug|Any CPU.ActiveCfg = Debug|Any CPU
		{7B1D8C8A-42BD-A451-A4C3-272CAE7F12AB}.Debug|Any CPU.Build.0 = Debug|Any CPU
		{7B1D8C8A-42BD-A451-A4C3-272CAE7F12AB}.Release|Any CPU.ActiveCfg = Release|Any CPU
		{7B1D8C8A-42BD-A451-A4C3-272CAE7F12AB}.Release|Any CPU.Build.0 = Release|Any CPU
		{7C49C393-21BF-B456-2DA5-47032DD05612}.Debug|Any CPU.ActiveCfg = Debug|Any CPU
		{7C49C393-21BF-B456-2DA5-47032DD05612}.Debug|Any CPU.Build.0 = Debug|Any CPU
		{7C49C393-21BF-B456-2DA5-47032DD05612}.Release|Any CPU.ActiveCfg = Release|Any CPU
		{7C49C393-21BF-B456-2DA5-47032DD05612}.Release|Any CPU.Build.0 = Release|Any CPU
		{82A58901-93B0-02A6-CCE7-6DDE47D9B008}.Debug|Any CPU.ActiveCfg = Debug|Any CPU
		{82A58901-93B0-02A6-CCE7-6DDE47D9B008}.Debug|Any CPU.Build.0 = Debug|Any CPU
		{82A58901-93B0-02A6-CCE7-6DDE47D9B008}.Release|Any CPU.ActiveCfg = Release|Any CPU
		{82A58901-93B0-02A6-CCE7-6DDE47D9B008}.Release|Any CPU.Build.0 = Release|Any CPU
		{87527DA0-931B-FBB3-8160-B90A9CEC5A35}.Debug|Any CPU.ActiveCfg = Debug|Any CPU
		{87527DA0-931B-FBB3-8160-B90A9CEC5A35}.Debug|Any CPU.Build.0 = Debug|Any CPU
		{87527DA0-931B-FBB3-8160-B90A9CEC5A35}.Release|Any CPU.ActiveCfg = Release|Any CPU
		{87527DA0-931B-FBB3-8160-B90A9CEC5A35}.Release|Any CPU.Build.0 = Release|Any CPU
		{895EE7AA-A3C3-A791-C9DE-2C5CB84E97C3}.Debug|Any CPU.ActiveCfg = Debug|Any CPU
		{895EE7AA-A3C3-A791-C9DE-2C5CB84E97C3}.Debug|Any CPU.Build.0 = Debug|Any CPU
		{895EE7AA-A3C3-A791-C9DE-2C5CB84E97C3}.Release|Any CPU.ActiveCfg = Release|Any CPU
		{895EE7AA-A3C3-A791-C9DE-2C5CB84E97C3}.Release|Any CPU.Build.0 = Release|Any CPU
		{BF91905F-06D7-8880-6025-86338FE56C48}.Debug|Any CPU.ActiveCfg = Debug|Any CPU
		{BF91905F-06D7-8880-6025-86338FE56C48}.Debug|Any CPU.Build.0 = Debug|Any CPU
		{BF91905F-06D7-8880-6025-86338FE56C48}.Release|Any CPU.ActiveCfg = Release|Any CPU
		{BF91905F-06D7-8880-6025-86338FE56C48}.Release|Any CPU.Build.0 = Release|Any CPU
		{44069A1C-9FBF-BF17-4EE8-7523E68D94EF}.Debug|Any CPU.ActiveCfg = Debug|Any CPU
		{44069A1C-9FBF-BF17-4EE8-7523E68D94EF}.Debug|Any CPU.Build.0 = Debug|Any CPU
		{44069A1C-9FBF-BF17-4EE8-7523E68D94EF}.Release|Any CPU.ActiveCfg = Release|Any CPU
		{44069A1C-9FBF-BF17-4EE8-7523E68D94EF}.Release|Any CPU.Build.0 = Release|Any CPU
		{A0D85674-0DA4-DAE2-3E36-8922FBDEEB4A}.Debug|Any CPU.ActiveCfg = Debug|Any CPU
		{A0D85674-0DA4-DAE2-3E36-8922FBDEEB4A}.Debug|Any CPU.Build.0 = Debug|Any CPU
		{A0D85674-0DA4-DAE2-3E36-8922FBDEEB4A}.Release|Any CPU.ActiveCfg = Release|Any CPU
		{A0D85674-0DA4-DAE2-3E36-8922FBDEEB4A}.Release|Any CPU.Build.0 = Release|Any CPU
		{F7170090-60E6-E49A-1ABA-807DC9AFD8F3}.Debug|Any CPU.ActiveCfg = Debug|Any CPU
		{F7170090-60E6-E49A-1ABA-807DC9AFD8F3}.Debug|Any CPU.Build.0 = Debug|Any CPU
		{F7170090-60E6-E49A-1ABA-807DC9AFD8F3}.Release|Any CPU.ActiveCfg = Release|Any CPU
		{F7170090-60E6-E49A-1ABA-807DC9AFD8F3}.Release|Any CPU.Build.0 = Release|Any CPU
		{79AD93AB-87D4-697B-D300-3FACDCE25467}.Debug|Any CPU.ActiveCfg = Debug|Any CPU
		{79AD93AB-87D4-697B-D300-3FACDCE25467}.Debug|Any CPU.Build.0 = Debug|Any CPU
		{79AD93AB-87D4-697B-D300-3FACDCE25467}.Release|Any CPU.ActiveCfg = Release|Any CPU
		{79AD93AB-87D4-697B-D300-3FACDCE25467}.Release|Any CPU.Build.0 = Release|Any CPU
		{FD74E0BA-3C27-97DC-A129-84D8D76A1E76}.Debug|Any CPU.ActiveCfg = Debug|Any CPU
		{FD74E0BA-3C27-97DC-A129-84D8D76A1E76}.Debug|Any CPU.Build.0 = Debug|Any CPU
		{FD74E0BA-3C27-97DC-A129-84D8D76A1E76}.Release|Any CPU.ActiveCfg = Release|Any CPU
		{FD74E0BA-3C27-97DC-A129-84D8D76A1E76}.Release|Any CPU.Build.0 = Release|Any CPU
	EndGlobalSection
	GlobalSection(SolutionProperties) = preSolution
		HideSolutionNode = FALSE
	EndGlobalSection
EndGlobal
